// !$*UTF8*$!
{
	archiveVersion = 1;
	classes = {
	};
	objectVersion = 46;
	objects = {

/* Begin PBXBuildFile section */
		003127721C906ECD002CD312 /* categories.plist in Resources */ = {isa = PBXBuildFile; fileRef = 0031276E1C906ECD002CD312 /* categories.plist */; };
		003127731C906ECD002CD312 /* cities.plist in Resources */ = {isa = PBXBuildFile; fileRef = 0031276F1C906ECD002CD312 /* cities.plist */; };
		003127741C906ECD002CD312 /* cityGroups.plist in Resources */ = {isa = PBXBuildFile; fileRef = 003127701C906ECD002CD312 /* cityGroups.plist */; };
		003127771C906EEF002CD312 /* sorts.plist in Resources */ = {isa = PBXBuildFile; fileRef = 003127761C906EEF002CD312 /* sorts.plist */; };
		0031277A1C906FC1002CD312 /* CategoriyModel.m in Sources */ = {isa = PBXBuildFile; fileRef = 003127791C906FC1002CD312 /* CategoriyModel.m */; };
		0031277F1C907115002CD312 /* popView.xib in Resources */ = {isa = PBXBuildFile; fileRef = 0031277D1C907115002CD312 /* popView.xib */; };
		0069B7311C9C468B00E76DBF /* Cities.m in Sources */ = {isa = PBXBuildFile; fileRef = 0069B7301C9C468B00E76DBF /* Cities.m */; };
		009852121C8F21A70080C09D /* MyNavController.m in Sources */ = {isa = PBXBuildFile; fileRef = 0098520E1C8F21A70080C09D /* MyNavController.m */; };
		0098521C1C8F21C40080C09D /* NavItem.m in Sources */ = {isa = PBXBuildFile; fileRef = 009852171C8F21C40080C09D /* NavItem.m */; };
		0098521D1C8F21C40080C09D /* NavItem.xib in Resources */ = {isa = PBXBuildFile; fileRef = 009852181C8F21C40080C09D /* NavItem.xib */; };
		00A2E5EC1C95AF720026A3A2 /* ChangeCityViewController.xib in Resources */ = {isa = PBXBuildFile; fileRef = 00A2E5EB1C95AF720026A3A2 /* ChangeCityViewController.xib */; };
		00CC80241C9460FD00D0EC18 /* SecondPopverViewController.xib in Resources */ = {isa = PBXBuildFile; fileRef = 00CC80231C9460FD00D0EC18 /* SecondPopverViewController.xib */; };
		00CE1D5A1CAC182E002E08BB /* ChangeCityViewController.m in Sources */ = {isa = PBXBuildFile; fileRef = 00CE1D571CAC182E002E08BB /* ChangeCityViewController.m */; };
		00CE1D5B1CAC182E002E08BB /* FirstViewController.m in Sources */ = {isa = PBXBuildFile; fileRef = 00CE1D581CAC182E002E08BB /* FirstViewController.m */; };
		00CE1D5C1CAC182E002E08BB /* PopViewController.m in Sources */ = {isa = PBXBuildFile; fileRef = 00CE1D591CAC182E002E08BB /* PopViewController.m */; };
		00CE1D5F1CAC1870002E08BB /* SearchCityResultViewController.m in Sources */ = {isa = PBXBuildFile; fileRef = 00CE1D5E1CAC1870002E08BB /* SearchCityResultViewController.m */; };
		00CE1D631CAC1997002E08BB /* Info.plist in Resources */ = {isa = PBXBuildFile; fileRef = 00CE1D621CAC1997002E08BB /* Info.plist */; };
		00D3CCB61CAAC74E000951F3 /* DPAPI.m in Sources */ = {isa = PBXBuildFile; fileRef = 00D3CCB21CAAC74E000951F3 /* DPAPI.m */; };
		00D3CCB71CAAC74E000951F3 /* DPRequest.m in Sources */ = {isa = PBXBuildFile; fileRef = 00D3CCB51CAAC74E000951F3 /* DPRequest.m */; };
		00DCACC81CA18DEA00D4C814 /* popView.m in Sources */ = {isa = PBXBuildFile; fileRef = 00DCACC71CA18DEA00D4C814 /* popView.m */; };
		00EAA38C1C91C19E00B547D3 /* CityGroupsModel.m in Sources */ = {isa = PBXBuildFile; fileRef = 00EAA38B1C91C19E00B547D3 /* CityGroupsModel.m */; };
		00EAA3931C91C2F600B547D3 /* SecondPopverViewController.m in Sources */ = {isa = PBXBuildFile; fileRef = 00EAA3911C91C2F600B547D3 /* SecondPopverViewController.m */; };
		00FB369F1C9AF36200DDE637 /* UIView+AutoLayout.m in Sources */ = {isa = PBXBuildFile; fileRef = 00FB369E1C9AF36200DDE637 /* UIView+AutoLayout.m */; };
		00FBF1701C8AF1C30067CC57 /* main.m in Sources */ = {isa = PBXBuildFile; fileRef = 00FBF16F1C8AF1C30067CC57 /* main.m */; };
		00FBF1731C8AF1C30067CC57 /* AppDelegate.m in Sources */ = {isa = PBXBuildFile; fileRef = 00FBF1721C8AF1C30067CC57 /* AppDelegate.m */; };
		00FBF17B1C8AF1C30067CC57 /* Assets.xcassets in Resources */ = {isa = PBXBuildFile; fileRef = 00FBF17A1C8AF1C30067CC57 /* Assets.xcassets */; };
/* End PBXBuildFile section */

/* Begin PBXFileReference section */
		0031276E1C906ECD002CD312 /* categories.plist */ = {isa = PBXFileReference; fileEncoding = 4; lastKnownFileType = text.plist.xml; name = categories.plist; path = PlistData/categories.plist; sourceTree = "<group>"; };
		0031276F1C906ECD002CD312 /* cities.plist */ = {isa = PBXFileReference; fileEncoding = 4; lastKnownFileType = text.plist.xml; name = cities.plist; path = PlistData/cities.plist; sourceTree = "<group>"; };
		003127701C906ECD002CD312 /* cityGroups.plist */ = {isa = PBXFileReference; fileEncoding = 4; lastKnownFileType = text.plist.xml; name = cityGroups.plist; path = PlistData/cityGroups.plist; sourceTree = "<group>"; };
		003127761C906EEF002CD312 /* sorts.plist */ = {isa = PBXFileReference; fileEncoding = 4; lastKnownFileType = text.plist.xml; name = sorts.plist; path = PlistData/sorts.plist; sourceTree = "<group>"; };
		003127781C906FC1002CD312 /* CategoriyModel.h */ = {isa = PBXFileReference; fileEncoding = 4; lastKnownFileType = sourcecode.c.h; path = CategoriyModel.h; sourceTree = "<group>"; };
		003127791C906FC1002CD312 /* CategoriyModel.m */ = {isa = PBXFileReference; fileEncoding = 4; lastKnownFileType = sourcecode.c.objc; path = CategoriyModel.m; sourceTree = "<group>"; };
		0031277D1C907115002CD312 /* popView.xib */ = {isa = PBXFileReference; fileEncoding = 4; lastKnownFileType = file.xib; path = popView.xib; sourceTree = "<group>"; };
		0069B72F1C9C468B00E76DBF /* Cities.h */ = {isa = PBXFileReference; fileEncoding = 4; lastKnownFileType = sourcecode.c.h; path = Cities.h; sourceTree = "<group>"; };
		0069B7301C9C468B00E76DBF /* Cities.m */ = {isa = PBXFileReference; fileEncoding = 4; lastKnownFileType = sourcecode.c.objc; path = Cities.m; sourceTree = "<group>"; };
		0098520B1C8F21A70080C09D /* FirstViewController.h */ = {isa = PBXFileReference; fileEncoding = 4; lastKnownFileType = sourcecode.c.h; path = FirstViewController.h; sourceTree = "<group>"; };
		0098520D1C8F21A70080C09D /* MyNavController.h */ = {isa = PBXFileReference; fileEncoding = 4; lastKnownFileType = sourcecode.c.h; path = MyNavController.h; sourceTree = "<group>"; };
		0098520E1C8F21A70080C09D /* MyNavController.m */ = {isa = PBXFileReference; fileEncoding = 4; lastKnownFileType = sourcecode.c.objc; path = MyNavController.m; sourceTree = "<group>"; };
		0098520F1C8F21A70080C09D /* PopViewController.h */ = {isa = PBXFileReference; fileEncoding = 4; lastKnownFileType = sourcecode.c.h; path = PopViewController.h; sourceTree = "<group>"; };
		009852161C8F21C40080C09D /* NavItem.h */ = {isa = PBXFileReference; fileEncoding = 4; lastKnownFileType = sourcecode.c.h; path = NavItem.h; sourceTree = "<group>"; };
		009852171C8F21C40080C09D /* NavItem.m */ = {isa = PBXFileReference; fileEncoding = 4; lastKnownFileType = sourcecode.c.objc; path = NavItem.m; sourceTree = "<group>"; };
		009852181C8F21C40080C09D /* NavItem.xib */ = {isa = PBXFileReference; fileEncoding = 4; lastKnownFileType = file.xib; path = NavItem.xib; sourceTree = "<group>"; };
		00A2E5EB1C95AF720026A3A2 /* ChangeCityViewController.xib */ = {isa = PBXFileReference; fileEncoding = 4; lastKnownFileType = file.xib; path = ChangeCityViewController.xib; sourceTree = "<group>"; };
		00A2E5ED1C95AFD90026A3A2 /* ChangeCityViewController.h */ = {isa = PBXFileReference; fileEncoding = 4; lastKnownFileType = sourcecode.c.h; path = ChangeCityViewController.h; sourceTree = "<group>"; };
		00CC80231C9460FD00D0EC18 /* SecondPopverViewController.xib */ = {isa = PBXFileReference; fileEncoding = 4; lastKnownFileType = file.xib; path = SecondPopverViewController.xib; sourceTree = "<group>"; };
		00CE1D571CAC182E002E08BB /* ChangeCityViewController.m */ = {isa = PBXFileReference; fileEncoding = 4; lastKnownFileType = sourcecode.c.objc; path = ChangeCityViewController.m; sourceTree = "<group>"; };
		00CE1D581CAC182E002E08BB /* FirstViewController.m */ = {isa = PBXFileReference; fileEncoding = 4; lastKnownFileType = sourcecode.c.objc; path = FirstViewController.m; sourceTree = "<group>"; };
		00CE1D591CAC182E002E08BB /* PopViewController.m */ = {isa = PBXFileReference; fileEncoding = 4; lastKnownFileType = sourcecode.c.objc; path = PopViewController.m; sourceTree = "<group>"; };
		00CE1D5D1CAC1870002E08BB /* SearchCityResultViewController.h */ = {isa = PBXFileReference; fileEncoding = 4; lastKnownFileType = sourcecode.c.h; path = SearchCityResultViewController.h; sourceTree = "<group>"; };
		00CE1D5E1CAC1870002E08BB /* SearchCityResultViewController.m */ = {isa = PBXFileReference; fileEncoding = 4; lastKnownFileType = sourcecode.c.objc; path = SearchCityResultViewController.m; sourceTree = "<group>"; };
		00CE1D621CAC1997002E08BB /* Info.plist */ = {isa = PBXFileReference; fileEncoding = 4; lastKnownFileType = text.plist.xml; path = Info.plist; sourceTree = "<group>"; };
		00D3CCB11CAAC74E000951F3 /* DPAPI.h */ = {isa = PBXFileReference; fileEncoding = 4; lastKnownFileType = sourcecode.c.h; path = DPAPI.h; sourceTree = "<group>"; };
		00D3CCB21CAAC74E000951F3 /* DPAPI.m */ = {isa = PBXFileReference; fileEncoding = 4; lastKnownFileType = sourcecode.c.objc; path = DPAPI.m; sourceTree = "<group>"; };
		00D3CCB31CAAC74E000951F3 /* DPConstants.h */ = {isa = PBXFileReference; fileEncoding = 4; lastKnownFileType = sourcecode.c.h; path = DPConstants.h; sourceTree = "<group>"; };
		00D3CCB41CAAC74E000951F3 /* DPRequest.h */ = {isa = PBXFileReference; fileEncoding = 4; lastKnownFileType = sourcecode.c.h; path = DPRequest.h; sourceTree = "<group>"; };
		00D3CCB51CAAC74E000951F3 /* DPRequest.m */ = {isa = PBXFileReference; fileEncoding = 4; lastKnownFileType = sourcecode.c.objc; path = DPRequest.m; sourceTree = "<group>"; };
		00DCACC61CA18DEA00D4C814 /* popView.h */ = {isa = PBXFileReference; fileEncoding = 4; lastKnownFileType = sourcecode.c.h; path = popView.h; sourceTree = "<group>"; };
		00DCACC71CA18DEA00D4C814 /* popView.m */ = {isa = PBXFileReference; fileEncoding = 4; lastKnownFileType = sourcecode.c.objc; path = popView.m; sourceTree = "<group>"; };
		00EAA38A1C91C19E00B547D3 /* CityGroupsModel.h */ = {isa = PBXFileReference; fileEncoding = 4; lastKnownFileType = sourcecode.c.h; path = CityGroupsModel.h; sourceTree = "<group>"; };
		00EAA38B1C91C19E00B547D3 /* CityGroupsModel.m */ = {isa = PBXFileReference; fileEncoding = 4; lastKnownFileType = sourcecode.c.objc; path = CityGroupsModel.m; sourceTree = "<group>"; };
		00EAA3901C91C2F600B547D3 /* SecondPopverViewController.h */ = {isa = PBXFileReference; fileEncoding = 4; lastKnownFileType = sourcecode.c.h; path = SecondPopverViewController.h; sourceTree = "<group>"; };
		00EAA3911C91C2F600B547D3 /* SecondPopverViewController.m */ = {isa = PBXFileReference; fileEncoding = 4; lastKnownFileType = sourcecode.c.objc; path = SecondPopverViewController.m; sourceTree = "<group>"; };
		00FB369D1C9AF36200DDE637 /* UIView+AutoLayout.h */ = {isa = PBXFileReference; fileEncoding = 4; lastKnownFileType = sourcecode.c.h; path = "UIView+AutoLayout.h"; sourceTree = "<group>"; };
		00FB369E1C9AF36200DDE637 /* UIView+AutoLayout.m */ = {isa = PBXFileReference; fileEncoding = 4; lastKnownFileType = sourcecode.c.objc; path = "UIView+AutoLayout.m"; sourceTree = "<group>"; };
		00FBF16B1C8AF1C30067CC57 /* my-meituan.app */ = {isa = PBXFileReference; explicitFileType = wrapper.application; includeInIndex = 0; path = "my-meituan.app"; sourceTree = BUILT_PRODUCTS_DIR; };
		00FBF16F1C8AF1C30067CC57 /* main.m */ = {isa = PBXFileReference; lastKnownFileType = sourcecode.c.objc; path = main.m; sourceTree = "<group>"; };
		00FBF1711C8AF1C30067CC57 /* AppDelegate.h */ = {isa = PBXFileReference; lastKnownFileType = sourcecode.c.h; path = AppDelegate.h; sourceTree = "<group>"; };
		00FBF1721C8AF1C30067CC57 /* AppDelegate.m */ = {isa = PBXFileReference; lastKnownFileType = sourcecode.c.objc; path = AppDelegate.m; sourceTree = "<group>"; };
		00FBF17A1C8AF1C30067CC57 /* Assets.xcassets */ = {isa = PBXFileReference; lastKnownFileType = folder.assetcatalog; path = Assets.xcassets; sourceTree = "<group>"; };
/* End PBXFileReference section */

/* Begin PBXFrameworksBuildPhase section */
		00FBF1681C8AF1C30067CC57 /* Frameworks */ = {
			isa = PBXFrameworksBuildPhase;
			buildActionMask = 2147483647;
			files = (
			);
			runOnlyForDeploymentPostprocessing = 0;
		};
/* End PBXFrameworksBuildPhase section */

/* Begin PBXGroup section */
		003127651C906E41002CD312 /* PlistData */ = {
			isa = PBXGroup;
			children = (
				003127761C906EEF002CD312 /* sorts.plist */,
				0031276E1C906ECD002CD312 /* categories.plist */,
				0031276F1C906ECD002CD312 /* cities.plist */,
				003127701C906ECD002CD312 /* cityGroups.plist */,
			);
			name = PlistData;
			sourceTree = "<group>";
		};
		0098520A1C8F21A70080C09D /* Controller */ = {
			isa = PBXGroup;
			children = (
				00CE1D5D1CAC1870002E08BB /* SearchCityResultViewController.h */,
				00CE1D5E1CAC1870002E08BB /* SearchCityResultViewController.m */,
				00CE1D571CAC182E002E08BB /* ChangeCityViewController.m */,
				00CE1D581CAC182E002E08BB /* FirstViewController.m */,
				00CE1D591CAC182E002E08BB /* PopViewController.m */,
				00A2E5ED1C95AFD90026A3A2 /* ChangeCityViewController.h */,
				00A2E5EB1C95AF720026A3A2 /* ChangeCityViewController.xib */,
				00EAA3901C91C2F600B547D3 /* SecondPopverViewController.h */,
				00EAA3911C91C2F600B547D3 /* SecondPopverViewController.m */,
				00CC80231C9460FD00D0EC18 /* SecondPopverViewController.xib */,
				0098520B1C8F21A70080C09D /* FirstViewController.h */,
				0098520D1C8F21A70080C09D /* MyNavController.h */,
				0098520E1C8F21A70080C09D /* MyNavController.m */,
				0098520F1C8F21A70080C09D /* PopViewController.h */,
			);
			path = Controller;
			sourceTree = "<group>";
		};
		009852141C8F21C40080C09D /* Model */ = {
			isa = PBXGroup;
			children = (
				0069B72F1C9C468B00E76DBF /* Cities.h */,
				0069B7301C9C468B00E76DBF /* Cities.m */,
				003127781C906FC1002CD312 /* CategoriyModel.h */,
				003127791C906FC1002CD312 /* CategoriyModel.m */,
				00EAA38A1C91C19E00B547D3 /* CityGroupsModel.h */,
				00EAA38B1C91C19E00B547D3 /* CityGroupsModel.m */,
			);
			path = Model;
			sourceTree = "<group>";
		};
		009852151C8F21C40080C09D /* View */ = {
			isa = PBXGroup;
			children = (
				00DCACC61CA18DEA00D4C814 /* popView.h */,
				00DCACC71CA18DEA00D4C814 /* popView.m */,
				0031277D1C907115002CD312 /* popView.xib */,
				009852161C8F21C40080C09D /* NavItem.h */,
				009852171C8F21C40080C09D /* NavItem.m */,
				009852181C8F21C40080C09D /* NavItem.xib */,
			);
			path = View;
			sourceTree = "<group>";
		};
		00D3CCAF1CAAC74E000951F3 /* 3rd */ = {
			isa = PBXGroup;
			children = (
				00D3CCB01CAAC74E000951F3 /* dianpingapi */,
			);
			path = 3rd;
			sourceTree = "<group>";
		};
		00D3CCB01CAAC74E000951F3 /* dianpingapi */ = {
			isa = PBXGroup;
			children = (
				00D3CCB11CAAC74E000951F3 /* DPAPI.h */,
				00D3CCB21CAAC74E000951F3 /* DPAPI.m */,
				00D3CCB31CAAC74E000951F3 /* DPConstants.h */,
				00D3CCB41CAAC74E000951F3 /* DPRequest.h */,
				00D3CCB51CAAC74E000951F3 /* DPRequest.m */,
			);
			path = dianpingapi;
			sourceTree = "<group>";
		};
		00FB369C1C9AF36200DDE637 /* extension */ = {
			isa = PBXGroup;
			children = (
				00FB369D1C9AF36200DDE637 /* UIView+AutoLayout.h */,
				00FB369E1C9AF36200DDE637 /* UIView+AutoLayout.m */,
			);
			path = extension;
			sourceTree = "<group>";
		};
		00FBF1621C8AF1C30067CC57 = {
			isa = PBXGroup;
			children = (
				00FBF16D1C8AF1C30067CC57 /* my-meituan */,
				00FBF16C1C8AF1C30067CC57 /* Products */,
			);
			sourceTree = "<group>";
		};
		00FBF16C1C8AF1C30067CC57 /* Products */ = {
			isa = PBXGroup;
			children = (
				00FBF16B1C8AF1C30067CC57 /* my-meituan.app */,
			);
			name = Products;
			sourceTree = "<group>";
		};
		00FBF16D1C8AF1C30067CC57 /* my-meituan */ = {
			isa = PBXGroup;
			children = (
				00D3CCAF1CAAC74E000951F3 /* 3rd */,
				00FB369C1C9AF36200DDE637 /* extension */,
				009852141C8F21C40080C09D /* Model */,
				009852151C8F21C40080C09D /* View */,
				0098520A1C8F21A70080C09D /* Controller */,
				00FBF1711C8AF1C30067CC57 /* AppDelegate.h */,
				00FBF1721C8AF1C30067CC57 /* AppDelegate.m */,
				00FBF17A1C8AF1C30067CC57 /* Assets.xcassets */,
				00FBF16E1C8AF1C30067CC57 /* Supporting Files */,
			);
			path = "my-meituan";
			sourceTree = "<group>";
		};
		00FBF16E1C8AF1C30067CC57 /* Supporting Files */ = {
			isa = PBXGroup;
			children = (
				00CE1D621CAC1997002E08BB /* Info.plist */,
				003127651C906E41002CD312 /* PlistData */,
				00FBF16F1C8AF1C30067CC57 /* main.m */,
			);
			name = "Supporting Files";
			sourceTree = "<group>";
		};
/* End PBXGroup section */

/* Begin PBXNativeTarget section */
		00FBF16A1C8AF1C30067CC57 /* my-meituan */ = {
			isa = PBXNativeTarget;
			buildConfigurationList = 00FBF1821C8AF1C30067CC57 /* Build configuration list for PBXNativeTarget "my-meituan" */;
			buildPhases = (
				00FBF1671C8AF1C30067CC57 /* Sources */,
				00FBF1681C8AF1C30067CC57 /* Frameworks */,
				00FBF1691C8AF1C30067CC57 /* Resources */,
			);
			buildRules = (
			);
			dependencies = (
			);
			name = "my-meituan";
			productName = "my-meituan";
			productReference = 00FBF16B1C8AF1C30067CC57 /* my-meituan.app */;
			productType = "com.apple.product-type.application";
		};
/* End PBXNativeTarget section */

/* Begin PBXProject section */
		00FBF1631C8AF1C30067CC57 /* Project object */ = {
			isa = PBXProject;
			attributes = {
				LastUpgradeCheck = 0720;
				ORGANIZATIONNAME = "robin young";
				TargetAttributes = {
					00FBF16A1C8AF1C30067CC57 = {
						CreatedOnToolsVersion = 7.2.1;
					};
				};
			};
			buildConfigurationList = 00FBF1661C8AF1C30067CC57 /* Build configuration list for PBXProject "my-meituan" */;
			compatibilityVersion = "Xcode 3.2";
			developmentRegion = English;
			hasScannedForEncodings = 0;
			knownRegions = (
				en,
				Base,
			);
			mainGroup = 00FBF1621C8AF1C30067CC57;
			productRefGroup = 00FBF16C1C8AF1C30067CC57 /* Products */;
			projectDirPath = "";
			projectRoot = "";
			targets = (
				00FBF16A1C8AF1C30067CC57 /* my-meituan */,
			);
		};
/* End PBXProject section */

/* Begin PBXResourcesBuildPhase section */
		00FBF1691C8AF1C30067CC57 /* Resources */ = {
			isa = PBXResourcesBuildPhase;
			buildActionMask = 2147483647;
			files = (
				0031277F1C907115002CD312 /* popView.xib in Resources */,
				003127731C906ECD002CD312 /* cities.plist in Resources */,
				003127721C906ECD002CD312 /* categories.plist in Resources */,
				0098521D1C8F21C40080C09D /* NavItem.xib in Resources */,
				003127741C906ECD002CD312 /* cityGroups.plist in Resources */,
				00FBF17B1C8AF1C30067CC57 /* Assets.xcassets in Resources */,
				003127771C906EEF002CD312 /* sorts.plist in Resources */,
				00CC80241C9460FD00D0EC18 /* SecondPopverViewController.xib in Resources */,
				00CE1D631CAC1997002E08BB /* Info.plist in Resources */,
				00A2E5EC1C95AF720026A3A2 /* ChangeCityViewController.xib in Resources */,
			);
			runOnlyForDeploymentPostprocessing = 0;
		};
/* End PBXResourcesBuildPhase section */

/* Begin PBXSourcesBuildPhase section */
		00FBF1671C8AF1C30067CC57 /* Sources */ = {
			isa = PBXSourcesBuildPhase;
			buildActionMask = 2147483647;
			files = (
				00CE1D5F1CAC1870002E08BB /* SearchCityResultViewController.m in Sources */,
				00D3CCB61CAAC74E000951F3 /* DPAPI.m in Sources */,
				00FBF1731C8AF1C30067CC57 /* AppDelegate.m in Sources */,
				00FB369F1C9AF36200DDE637 /* UIView+AutoLayout.m in Sources */,
				00D3CCB71CAAC74E000951F3 /* DPRequest.m in Sources */,
				0069B7311C9C468B00E76DBF /* Cities.m in Sources */,
				00DCACC81CA18DEA00D4C814 /* popView.m in Sources */,
				00EAA3931C91C2F600B547D3 /* SecondPopverViewController.m in Sources */,
				00CE1D5B1CAC182E002E08BB /* FirstViewController.m in Sources */,
				00EAA38C1C91C19E00B547D3 /* CityGroupsModel.m in Sources */,
				0098521C1C8F21C40080C09D /* NavItem.m in Sources */,
				00CE1D5A1CAC182E002E08BB /* ChangeCityViewController.m in Sources */,
				0031277A1C906FC1002CD312 /* CategoriyModel.m in Sources */,
				00CE1D5C1CAC182E002E08BB /* PopViewController.m in Sources */,
				00FBF1701C8AF1C30067CC57 /* main.m in Sources */,
				009852121C8F21A70080C09D /* MyNavController.m in Sources */,
			);
			runOnlyForDeploymentPostprocessing = 0;
		};
/* End PBXSourcesBuildPhase section */

/* Begin XCBuildConfiguration section */
		00FBF1801C8AF1C30067CC57 /* Debug */ = {
			isa = XCBuildConfiguration;
			buildSettings = {
				ALWAYS_SEARCH_USER_PATHS = NO;
				CLANG_CXX_LANGUAGE_STANDARD = "gnu++0x";
				CLANG_CXX_LIBRARY = "libc++";
				CLANG_ENABLE_MODULES = YES;
				CLANG_ENABLE_OBJC_ARC = YES;
				CLANG_WARN_BOOL_CONVERSION = YES;
				CLANG_WARN_CONSTANT_CONVERSION = YES;
				CLANG_WARN_DIRECT_OBJC_ISA_USAGE = YES_ERROR;
				CLANG_WARN_EMPTY_BODY = YES;
				CLANG_WARN_ENUM_CONVERSION = YES;
				CLANG_WARN_INT_CONVERSION = YES;
				CLANG_WARN_OBJC_ROOT_CLASS = YES_ERROR;
				CLANG_WARN_UNREACHABLE_CODE = YES;
				CLANG_WARN__DUPLICATE_METHOD_MATCH = YES;
				"CODE_SIGN_IDENTITY[sdk=iphoneos*]" = "iPhone Developer";
				COPY_PHASE_STRIP = NO;
				DEBUG_INFORMATION_FORMAT = dwarf;
				ENABLE_STRICT_OBJC_MSGSEND = YES;
				ENABLE_TESTABILITY = YES;
				GCC_C_LANGUAGE_STANDARD = gnu99;
				GCC_DYNAMIC_NO_PIC = NO;
				GCC_NO_COMMON_BLOCKS = YES;
				GCC_OPTIMIZATION_LEVEL = 0;
				GCC_PREPROCESSOR_DEFINITIONS = (
					"DEBUG=1",
					"$(inherited)",
				);
				GCC_WARN_64_TO_32_BIT_CONVERSION = YES;
				GCC_WARN_ABOUT_RETURN_TYPE = YES_ERROR;
				GCC_WARN_UNDECLARED_SELECTOR = YES;
				GCC_WARN_UNINITIALIZED_AUTOS = YES_AGGRESSIVE;
				GCC_WARN_UNUSED_FUNCTION = YES;
				GCC_WARN_UNUSED_VARIABLE = YES;
				IPHONEOS_DEPLOYMENT_TARGET = 9.2;
				MTL_ENABLE_DEBUG_INFO = YES;
				ONLY_ACTIVE_ARCH = YES;
				SDKROOT = iphoneos;
				TARGETED_DEVICE_FAMILY = 2;
			};
			name = Debug;
		};
		00FBF1811C8AF1C30067CC57 /* Release */ = {
			isa = XCBuildConfiguration;
			buildSettings = {
				ALWAYS_SEARCH_USER_PATHS = NO;
				CLANG_CXX_LANGUAGE_STANDARD = "gnu++0x";
				CLANG_CXX_LIBRARY = "libc++";
				CLANG_ENABLE_MODULES = YES;
				CLANG_ENABLE_OBJC_ARC = YES;
				CLANG_WARN_BOOL_CONVERSION = YES;
				CLANG_WARN_CONSTANT_CONVERSION = YES;
				CLANG_WARN_DIRECT_OBJC_ISA_USAGE = YES_ERROR;
				CLANG_WARN_EMPTY_BODY = YES;
				CLANG_WARN_ENUM_CONVERSION = YES;
				CLANG_WARN_INT_CONVERSION = YES;
				CLANG_WARN_OBJC_ROOT_CLASS = YES_ERROR;
				CLANG_WARN_UNREACHABLE_CODE = YES;
				CLANG_WARN__DUPLICATE_METHOD_MATCH = YES;
				"CODE_SIGN_IDENTITY[sdk=iphoneos*]" = "iPhone Developer";
				COPY_PHASE_STRIP = NO;
				DEBUG_INFORMATION_FORMAT = "dwarf-with-dsym";
				ENABLE_NS_ASSERTIONS = NO;
				ENABLE_STRICT_OBJC_MSGSEND = YES;
				GCC_C_LANGUAGE_STANDARD = gnu99;
				GCC_NO_COMMON_BLOCKS = YES;
				GCC_WARN_64_TO_32_BIT_CONVERSION = YES;
				GCC_WARN_ABOUT_RETURN_TYPE = YES_ERROR;
				GCC_WARN_UNDECLARED_SELECTOR = YES;
				GCC_WARN_UNINITIALIZED_AUTOS = YES_AGGRESSIVE;
				GCC_WARN_UNUSED_FUNCTION = YES;
				GCC_WARN_UNUSED_VARIABLE = YES;
				IPHONEOS_DEPLOYMENT_TARGET = 9.2;
				MTL_ENABLE_DEBUG_INFO = NO;
				SDKROOT = iphoneos;
				TARGETED_DEVICE_FAMILY = 2;
				VALIDATE_PRODUCT = YES;
			};
			name = Release;
		};
		00FBF1831C8AF1C30067CC57 /* Debug */ = {
			isa = XCBuildConfiguration;
			buildSettings = {
				ASSETCATALOG_COMPILER_APPICON_NAME = AppIcon;
				ASSETCATALOG_COMPILER_LAUNCHIMAGE_NAME = "Brand Assets";
				INFOPLIST_FILE = "my-meituan/Info.plist";
				IPHONEOS_DEPLOYMENT_TARGET = 8.1;
				LD_RUNPATH_SEARCH_PATHS = "$(inherited) @executable_path/Frameworks";
				PRODUCT_BUNDLE_IDENTIFIER = "com.robin.my-meituan";
				PRODUCT_NAME = "$(TARGET_NAME)";
			};
			name = Debug;
		};
		00FBF1841C8AF1C30067CC57 /* Release */ = {
			isa = XCBuildConfiguration;
			buildSettings = {
				ASSETCATALOG_COMPILER_APPICON_NAME = AppIcon;
				ASSETCATALOG_COMPILER_LAUNCHIMAGE_NAME = "Brand Assets";
				INFOPLIST_FILE = "my-meituan/Info.plist";
				IPHONEOS_DEPLOYMENT_TARGET = 8.1;
				LD_RUNPATH_SEARCH_PATHS = "$(inherited) @executable_path/Frameworks";
				PRODUCT_BUNDLE_IDENTIFIER = "com.robin.my-meituan";
				PRODUCT_NAME = "$(TARGET_NAME)";
			};
			name = Release;
		};
/* End XCBuildConfiguration section */

/* Begin XCConfigurationList section */
		00FBF1661C8AF1C30067CC57 /* Build configuration list for PBXProject "my-meituan" */ = {
			isa = XCConfigurationList;
			buildConfigurations = (
				00FBF1801C8AF1C30067CC57 /* Debug */,
				00FBF1811C8AF1C30067CC57 /* Release */,
			);
			defaultConfigurationIsVisible = 0;
			defaultConfigurationName = Release;
		};
		00FBF1821C8AF1C30067CC57 /* Build configuration list for PBXNativeTarget "my-meituan" */ = {
			isa = XCConfigurationList;
			buildConfigurations = (
				00FBF1831C8AF1C30067CC57 /* Debug */,
				00FBF1841C8AF1C30067CC57 /* Release */,
			);
			defaultConfigurationIsVisible = 0;
			defaultConfigurationName = Release;
		};
/* End XCConfigurationList section */
	};
	rootObject = 00FBF1631C8AF1C30067CC57 /* Project object */;
}
